
Microsoft Visual Studio Solution File, Format Version 12.00
# Visual Studio Version 17
VisualStudioVersion = 17.11.35312.102
MinimumVisualStudioVersion = 10.0.40219.1
Project("{9A19103F-16F7-4668-BE54-9A1E7A4F7556}") = "Elastic.SemanticKernel.Playground", "Elastic.SemanticKernel.Playground\Elastic.SemanticKernel.Playground.csproj", "{49A492D7-1EAB-48BA-9065-0B6EBB25AD31}"
EndProject
Project("{9A19103F-16F7-4668-BE54-9A1E7A4F7556}") = "Elastic.SemanticKernel.Connectors.Elasticsearch", "Elastic.SemanticKernel.Connectors.Elasticsearch\Elastic.SemanticKernel.Connectors.Elasticsearch.csproj", "{038E7FD9-6F16-4024-A741-2328B5E2996C}"
EndProject
Project("{2150E333-8FDC-42A3-9474-1A3956D46DE8}") = "Solution Items", "Solution Items", "{4805584F-6CDA-4C93-A1F4-9EC3B2E38FFE}"
	ProjectSection(SolutionItems) = preProject
		.editorconfig = .editorconfig
		Directory.Build.props = Directory.Build.props
		Directory.Build.targets = Directory.Build.targets
		Directory.Packages.props = Directory.Packages.props
		global.json = global.json
		NuGet.Config = NuGet.Config
	EndProjectSection
EndProject
Project("{FAE04EC0-301F-11D3-BF4B-00C04F79EFBC}") = "Elastic.SemanticKernel.Connectors.ElasticSearch.ConformanceTests", "Elastic.SemanticKernel.Connectors.ElasticSearch.ConformanceTests\Elastic.SemanticKernel.Connectors.ElasticSearch.ConformanceTests.csproj", "{A8DD8128-080F-2DF0-5763-99801D225251}"
EndProject
Project("{FAE04EC0-301F-11D3-BF4B-00C04F79EFBC}") = "VectorData.ConformanceTests", "test\VectorData.ConformanceTests\VectorData.ConformanceTests.csproj", "{14BE8394-A3E6-7D6B-DD3A-45E7DAA52DDF}"
EndProject
Global
	GlobalSection(SolutionConfigurationPlatforms) = preSolution
		Debug|Any CPU = Debug|Any CPU
		Release|Any CPU = Release|Any CPU
	EndGlobalSection
	GlobalSection(ProjectConfigurationPlatforms) = postSolution
		{49A492D7-1EAB-48BA-9065-0B6EBB25AD31}.Debug|Any CPU.ActiveCfg = Debug|Any CPU
		{49A492D7-1EAB-48BA-9065-0B6EBB25AD31}.Debug|Any CPU.Build.0 = Debug|Any CPU
		{49A492D7-1EAB-48BA-9065-0B6EBB25AD31}.Release|Any CPU.ActiveCfg = Release|Any CPU
		{49A492D7-1EAB-48BA-9065-0B6EBB25AD31}.Release|Any CPU.Build.0 = Release|Any CPU
		{038E7FD9-6F16-4024-A741-2328B5E2996C}.Debug|Any CPU.ActiveCfg = Debug|Any CPU
		{038E7FD9-6F16-4024-A741-2328B5E2996C}.Debug|Any CPU.Build.0 = Debug|Any CPU
		{038E7FD9-6F16-4024-A741-2328B5E2996C}.Release|Any CPU.ActiveCfg = Release|Any CPU
		{038E7FD9-6F16-4024-A741-2328B5E2996C}.Release|Any CPU.Build.0 = Release|Any CPU
		{A8DD8128-080F-2DF0-5763-99801D225251}.Debug|Any CPU.ActiveCfg = Debug|Any CPU
		{A8DD8128-080F-2DF0-5763-99801D225251}.Debug|Any CPU.Build.0 = Debug|Any CPU
		{A8DD8128-080F-2DF0-5763-99801D225251}.Release|Any CPU.ActiveCfg = Release|Any CPU
		{A8DD8128-080F-2DF0-5763-99801D225251}.Release|Any CPU.Build.0 = Release|Any CPU
		{14BE8394-A3E6-7D6B-DD3A-45E7DAA52DDF}.Debug|Any CPU.ActiveCfg = Debug|Any CPU
		{14BE8394-A3E6-7D6B-DD3A-45E7DAA52DDF}.Debug|Any CPU.Build.0 = Debug|Any CPU
		{14BE8394-A3E6-7D6B-DD3A-45E7DAA52DDF}.Release|Any CPU.ActiveCfg = Release|Any CPU
		{14BE8394-A3E6-7D6B-DD3A-45E7DAA52DDF}.Release|Any CPU.Build.0 = Release|Any CPU
	EndGlobalSection
	GlobalSection(SolutionProperties) = preSolution
		HideSolutionNode = FALSE
	EndGlobalSection
	GlobalSection(ExtensibilityGlobals) = postSolution
		SolutionGuid = {DE39841E-28D0-4E3C-9554-55DC9DDA5761}
	EndGlobalSection
EndGlobal
