{
  "version": 2,
  "dependencies": {
    ".NETStandard,Version=v2.0": {
      "Elastic.Clients.Elasticsearch": {
        "type": "Direct",
        "requested": "[8.19.12, )",
        "resolved": "8.19.12",
        "contentHash": "NC24OY0p+Pi14MkBpjokIz5+D/Pt/ol/wBkr6X200+ht3TIUFvLvFch6e1LJ3umJXL1+Rc/ebpPOra0+oIrijA==",
        "dependencies": {
          "Elastic.Transport": "0.10.1"
        }
      },
      "Microsoft.Build.CopyOnWrite": {
        "type": "Direct",
        "requested": "[1.0.334, )",
        "resolved": "1.0.334",
        "contentHash": "Bi/e5guuwmyPL7Kp1G+PbcDvZFKsZxuHmc39IpYHAhWOvV8I/uIHPwAZ++Fa8k/w6pEqPdHCIrxSCelMNmu0dQ=="
      },
      "Microsoft.Extensions.AI.Abstractions": {
        "type": "Direct",
        "requested": "[9.10.2, )",
        "resolved": "9.10.2",
        "contentHash": "xiONoJw1mjkB4PzAY1UIQrY1GJo+pEPm9lTbGTZ0uJ8JsilkQXibNKhAyGwUMT4wV7SJkVaAmk2DPkntfSPUxA==",
        "dependencies": {
          "System.Text.Json": "8.0.6"
        }
      },
      "Microsoft.Extensions.DependencyInjection.Abstractions": {
        "type": "Direct",
        "requested": "[9.0.10, )",
        "resolved": "9.0.10",
        "contentHash": "r9waLiOPe9ZF1PvzUT+RDoHvpMmY8MW+lb4lqjYGObwKpnyPMLI3odVvlmshwuZcdoHynsGWOrCPA0hxZ63lIA==",
        "dependencies": {
          "Microsoft.Bcl.AsyncInterfaces": "9.0.10",
          "System.Threading.Tasks.Extensions": "4.5.4"
        }
      },
      "MinVer": {
        "type": "Direct",
        "requested": "[6.0.0, )",
        "resolved": "6.0.0",
        "contentHash": "+/SsmiySsXJlvQLCGBqaZKNVt3s/Y/HbAdwtop7Km2CnuZbaScoqkWJEBQ5Cy9ebkn6kCYKrHsXgwrFdTgcb3g=="
      },
      "NETStandard.Library": {
        "type": "Direct",
        "requested": "[2.0.3, )",
        "resolved": "2.0.3",
        "contentHash": "st47PosZSHrjECdjeIzZQbzivYBJFv6P2nv4cj2ypdI204DO+vZ7l5raGMiX4eXMJ53RfOIg+/s4DHVZ54Nu2A==",
        "dependencies": {
          "Microsoft.NETCore.Platforms": "1.1.0"
        }
      },
      "PolySharp": {
        "type": "Direct",
        "requested": "[1.15.0, )",
        "resolved": "1.15.0",
        "contentHash": "FbU0El+EEjdpuIX4iDbeS7ki1uzpJPx8vbqOzEtqnl1GZeAGJfq+jCbxeJL2y0EPnUNk8dRnnqR2xnYXg9Tf+g=="
      },
      "Elastic.Transport": {
        "type": "Transitive",
        "resolved": "0.10.1",
        "contentHash": "8qUyxd4LzMiR+wtNEzdHHnu+iEpbKfoA001NyYgZZT0YZaNE9fWmFeZMxcTz7HMcYUidZSeT6vvongjZh1j/hQ==",
        "dependencies": {
          "Microsoft.CSharp": "4.7.0",
          "System.Diagnostics.DiagnosticSource": "8.0.0",
          "System.Text.Json": "8.0.5"
        }
      },
      "Microsoft.Bcl.AsyncInterfaces": {
        "type": "Transitive",
        "resolved": "9.0.10",
        "contentHash": "iUfw06CsVKAliec4ML6Q91ozbQ8SKbiraIiQegECAPeMY8cGGagIbyZ9+PBtTJ0hx1//qpRqdXDkt51SDQ6k+Q==",
        "dependencies": {
          "System.Threading.Tasks.Extensions": "4.5.4"
        }
      },
      "Microsoft.CSharp": {
        "type": "Transitive",
        "resolved": "4.7.0",
        "contentHash": "pTj+D3uJWyN3My70i2Hqo+OXixq3Os2D1nJ2x92FFo6sk8fYS1m1WLNTs0Dc1uPaViH0YvEEwvzddQ7y4rhXmA=="
      },
      "Microsoft.NETCore.Platforms": {
        "type": "Transitive",
        "resolved": "1.1.0",
        "contentHash": "kz0PEW2lhqygehI/d6XsPCQzD7ff7gUJaVGPVETX611eadGsA3A877GdSlU0LRVMCTH/+P3o2iDTak+S08V2+A=="
      },
      "System.Buffers": {
        "type": "Transitive",
        "resolved": "4.5.1",
        "contentHash": "Rw7ijyl1qqRS0YQD/WycNst8hUUMgrMH4FCn1nNm27M4VxchZ1js3fVjQaANHO5f3sN4isvP4a+Met9Y4YomAg=="
      },
      "System.Diagnostics.DiagnosticSource": {
        "type": "Transitive",
        "resolved": "8.0.0",
        "contentHash": "c9xLpVz6PL9lp/djOWtk5KPDZq3cSYpmXoJQY524EOtuFl5z9ZtsotpsyrDW40U1DRnQSYvcPKEUV0X//u6gkQ==",
        "dependencies": {
          "System.Memory": "4.5.5",
          "System.Runtime.CompilerServices.Unsafe": "6.0.0"
        }
      },
      "System.IO.Pipelines": {
        "type": "Transitive",
        "resolved": "9.0.10",
        "contentHash": "lwI0mhHcCxMtNSxB5ate9Gc9petWovRBUprtjz2yiIDDZPGBIaUiqNzQHJzjPuzTnvNbEMilpAXjDguKsU/2Fg==",
        "dependencies": {
          "System.Buffers": "4.5.1",
          "System.Memory": "4.5.5",
          "System.Threading.Tasks.Extensions": "4.5.4"
        }
      },
      "System.Memory": {
        "type": "Transitive",
        "resolved": "4.5.5",
        "contentHash": "XIWiDvKPXaTveaB7HVganDlOCRoj03l+jrwNvcge/t8vhGYKvqV+dMv6G4SAX2NoNmN0wZfVPTAlFwZcZvVOUw==",
        "dependencies": {
          "System.Buffers": "4.5.1",
          "System.Numerics.Vectors": "4.4.0",
          "System.Runtime.CompilerServices.Unsafe": "4.5.3"
        }
      },
      "System.Numerics.Vectors": {
        "type": "Transitive",
        "resolved": "4.4.0",
        "contentHash": "UiLzLW+Lw6HLed1Hcg+8jSRttrbuXv7DANVj0DkL9g6EnnzbL75EB7EWsw5uRbhxd/4YdG8li5XizGWepmG3PQ=="
      },
      "System.Runtime.CompilerServices.Unsafe": {
        "type": "Transitive",
        "resolved": "6.0.0",
        "contentHash": "/iUeP3tq1S0XdNNoMz5C9twLSrM/TH+qElHkXWaPvuNOt+99G75NrV0OS2EqHx5wMN7popYjpc8oTjC1y16DLg=="
      },
      "System.Text.Encodings.Web": {
        "type": "Transitive",
        "resolved": "9.0.10",
        "contentHash": "znmiJFUa0GGwq7t6ShUKBDRlPsNJaudNFI7rVeyGnRBhiRMegBvu2GRcadThP/QX/a5UpGgZbe6tolDooobj/Q==",
        "dependencies": {
          "System.Buffers": "4.5.1",
          "System.Memory": "4.5.5",
          "System.Runtime.CompilerServices.Unsafe": "6.0.0"
        }
      },
      "System.Threading.Tasks.Extensions": {
        "type": "Transitive",
        "resolved": "4.5.4",
        "contentHash": "zteT+G8xuGu6mS+mzDzYXbzS7rd3K6Fjb9RiZlYlJPam2/hU7JCBZBVEcywNuR+oZ1ncTvc/cq0faRr3P01OVg==",
        "dependencies": {
          "System.Runtime.CompilerServices.Unsafe": "4.5.3"
        }
      },
      "System.Text.Json": {
        "type": "CentralTransitive",
        "requested": "[9.0.10, )",
        "resolved": "9.0.10",
        "contentHash": "XM02ZBnzxk7Ti6l9YRy8Bp639wANqJzJzw4W4VYiCh+HXY9hBOWkGB4k89OLP/s/RxgM02P4a/mWcJTgFiLf1Q==",
        "dependencies": {
          "Microsoft.Bcl.AsyncInterfaces": "9.0.10",
          "System.Buffers": "4.5.1",
          "System.IO.Pipelines": "9.0.10",
          "System.Memory": "4.5.5",
          "System.Runtime.CompilerServices.Unsafe": "6.0.0",
          "System.Text.Encodings.Web": "9.0.10",
          "System.Threading.Tasks.Extensions": "4.5.4"
        }
      }
    },
    "net8.0": {
      "Elastic.Clients.Elasticsearch": {
        "type": "Direct",
        "requested": "[8.19.12, )",
        "resolved": "8.19.12",
        "contentHash": "NC24OY0p+Pi14MkBpjokIz5+D/Pt/ol/wBkr6X200+ht3TIUFvLvFch6e1LJ3umJXL1+Rc/ebpPOra0+oIrijA==",
        "dependencies": {
          "Elastic.Transport": "0.10.1"
        }
      },
      "Microsoft.Build.CopyOnWrite": {
        "type": "Direct",
        "requested": "[1.0.334, )",
        "resolved": "1.0.334",
        "contentHash": "Bi/e5guuwmyPL7Kp1G+PbcDvZFKsZxuHmc39IpYHAhWOvV8I/uIHPwAZ++Fa8k/w6pEqPdHCIrxSCelMNmu0dQ=="
      },
      "Microsoft.Extensions.AI.Abstractions": {
        "type": "Direct",
        "requested": "[9.10.2, )",
        "resolved": "9.10.2",
        "contentHash": "xiONoJw1mjkB4PzAY1UIQrY1GJo+pEPm9lTbGTZ0uJ8JsilkQXibNKhAyGwUMT4wV7SJkVaAmk2DPkntfSPUxA=="
      },
      "Microsoft.Extensions.DependencyInjection.Abstractions": {
        "type": "Direct",
        "requested": "[9.0.10, )",
        "resolved": "9.0.10",
        "contentHash": "r9waLiOPe9ZF1PvzUT+RDoHvpMmY8MW+lb4lqjYGObwKpnyPMLI3odVvlmshwuZcdoHynsGWOrCPA0hxZ63lIA=="
      },
      "MinVer": {
        "type": "Direct",
        "requested": "[6.0.0, )",
        "resolved": "6.0.0",
        "contentHash": "+/SsmiySsXJlvQLCGBqaZKNVt3s/Y/HbAdwtop7Km2CnuZbaScoqkWJEBQ5Cy9ebkn6kCYKrHsXgwrFdTgcb3g=="
      },
      "PolySharp": {
        "type": "Direct",
        "requested": "[1.15.0, )",
        "resolved": "1.15.0",
        "contentHash": "FbU0El+EEjdpuIX4iDbeS7ki1uzpJPx8vbqOzEtqnl1GZeAGJfq+jCbxeJL2y0EPnUNk8dRnnqR2xnYXg9Tf+g=="
      },
      "Elastic.Transport": {
        "type": "Transitive",
        "resolved": "0.10.1",
        "contentHash": "8qUyxd4LzMiR+wtNEzdHHnu+iEpbKfoA001NyYgZZT0YZaNE9fWmFeZMxcTz7HMcYUidZSeT6vvongjZh1j/hQ==",
        "dependencies": {
          "Microsoft.CSharp": "4.7.0"
        }
      },
      "Microsoft.CSharp": {
        "type": "Transitive",
        "resolved": "4.7.0",
        "contentHash": "pTj+D3uJWyN3My70i2Hqo+OXixq3Os2D1nJ2x92FFo6sk8fYS1m1WLNTs0Dc1uPaViH0YvEEwvzddQ7y4rhXmA=="
      }
    }
  }
}